
Microsoft Visual Studio Solution File, Format Version 12.00
# Visual Studio Version 17
VisualStudioVersion = 17.1.32421.90
MinimumVisualStudioVersion = 10.0.40219.1
Project("{2150E333-8FDC-42A3-9474-1A3956D46DE8}") = "1. Presentation Layer", "1. Presentation Layer", "{30FD66A3-C260-4CB8-8195-B7270E92C67D}"
EndProject
Project("{FAE04EC0-301F-11D3-BF4B-00C04F79EFBC}") = "MyStoreWinApp", "MyStoreWinApp\MyStoreWinApp.csproj", "{C801F033-3690-4277-A3A1-617F318221B5}"
EndProject
Project("{2150E333-8FDC-42A3-9474-1A3956D46DE8}") = "2. Business Layer", "2. Business Layer", "{1553C5F7-52D5-4F8B-8D8B-FD38343AA25A}"
EndProject
Project("{FAE04EC0-301F-11D3-BF4B-00C04F79EFBC}") = "MemberObject", "MemberObject\MemberObject.csproj", "{E643A672-F92F-4429-BD07-9CFC96E3BC0A}"
EndProject
Project("{2150E333-8FDC-42A3-9474-1A3956D46DE8}") = "3. Data Layer", "3. Data Layer", "{0FD6D15F-CBA9-4D73-860E-B123812CF0B8}"
EndProject
Project("{FAE04EC0-301F-11D3-BF4B-00C04F79EFBC}") = "AppSetting.Json", "AppSetting.Json\AppSetting.Json.csproj", "{9ABFE38F-21D3-43E5-8E76-643882FBA1DE}"
EndProject
Project("{FAE04EC0-301F-11D3-BF4B-00C04F79EFBC}") = "DataAccess", "DataAccess\DataAccess.csproj", "{264D895F-79BA-4613-8D2E-D35E0FD7375A}"
EndProject
Global
	GlobalSection(SolutionConfigurationPlatforms) = preSolution
		Debug|Any CPU = Debug|Any CPU
		Release|Any CPU = Release|Any CPU
	EndGlobalSection
	GlobalSection(ProjectConfigurationPlatforms) = postSolution
		{C801F033-3690-4277-A3A1-617F318221B5}.Debug|Any CPU.ActiveCfg = Debug|Any CPU
		{C801F033-3690-4277-A3A1-617F318221B5}.Debug|Any CPU.Build.0 = Debug|Any CPU
		{C801F033-3690-4277-A3A1-617F318221B5}.Release|Any CPU.ActiveCfg = Release|Any CPU
		{C801F033-3690-4277-A3A1-617F318221B5}.Release|Any CPU.Build.0 = Release|Any CPU
		{E643A672-F92F-4429-BD07-9CFC96E3BC0A}.Debug|Any CPU.ActiveCfg = Debug|Any CPU
		{E643A672-F92F-4429-BD07-9CFC96E3BC0A}.Debug|Any CPU.Build.0 = Debug|Any CPU
		{E643A672-F92F-4429-BD07-9CFC96E3BC0A}.Release|Any CPU.ActiveCfg = Release|Any CPU
		{E643A672-F92F-4429-BD07-9CFC96E3BC0A}.Release|Any CPU.Build.0 = Release|Any CPU
		{9ABFE38F-21D3-43E5-8E76-643882FBA1DE}.Debug|Any CPU.ActiveCfg = Debug|Any CPU
		{9ABFE38F-21D3-43E5-8E76-643882FBA1DE}.Debug|Any CPU.Build.0 = Debug|Any CPU
		{9ABFE38F-21D3-43E5-8E76-643882FBA1DE}.Release|Any CPU.ActiveCfg = Release|Any CPU
		{9ABFE38F-21D3-43E5-8E76-643882FBA1DE}.Release|Any CPU.Build.0 = Release|Any CPU
		{264D895F-79BA-4613-8D2E-D35E0FD7375A}.Debug|Any CPU.ActiveCfg = Debug|Any CPU
		{264D895F-79BA-4613-8D2E-D35E0FD7375A}.Debug|Any CPU.Build.0 = Debug|Any CPU
		{264D895F-79BA-4613-8D2E-D35E0FD7375A}.Release|Any CPU.ActiveCfg = Release|Any CPU
		{264D895F-79BA-4613-8D2E-D35E0FD7375A}.Release|Any CPU.Build.0 = Release|Any CPU
	EndGlobalSection
	GlobalSection(SolutionProperties) = preSolution
		HideSolutionNode = FALSE
	EndGlobalSection
	GlobalSection(NestedProjects) = preSolution
		{C801F033-3690-4277-A3A1-617F318221B5} = {30FD66A3-C260-4CB8-8195-B7270E92C67D}
		{E643A672-F92F-4429-BD07-9CFC96E3BC0A} = {1553C5F7-52D5-4F8B-8D8B-FD38343AA25A}
		{9ABFE38F-21D3-43E5-8E76-643882FBA1DE} = {0FD6D15F-CBA9-4D73-860E-B123812CF0B8}
		{264D895F-79BA-4613-8D2E-D35E0FD7375A} = {0FD6D15F-CBA9-4D73-860E-B123812CF0B8}
	EndGlobalSection
	GlobalSection(ExtensibilityGlobals) = postSolution
		SolutionGuid = {DB281000-B53E-4D2D-ACF2-D3E46B1A5FFC}
	EndGlobalSection
EndGlobal
